
Microsoft Visual Studio Solution File, Format Version 12.00
# Visual Studio Version 17
VisualStudioVersion = 17.0.31912.275
MinimumVisualStudioVersion = 10.0.40219.1
Project("{FAE04EC0-301F-11D3-BF4B-00C04F79EFBC}") = "WpfApp", "WpfApp\WpfApp.csproj", "{8A1434D8-7670-4B9A-AD2F-5415AE0C09E0}"
EndProject
Project("{2150E333-8FDC-42A3-9474-1A3956D46DE8}") = "Libs", "Libs", "{7ADE1169-4E71-4815-B758-BBE5B59289B8}"
	ProjectSection(SolutionItems) = preProject
		Libs\TinyINPC.SourceGenerator.deps.json = Libs\TinyINPC.SourceGenerator.deps.json
		Libs\TinyINPC.SourceGenerator.dll = Libs\TinyINPC.SourceGenerator.dll
		Libs\TinyINPC.SourceGenerator.pdb = Libs\TinyINPC.SourceGenerator.pdb
	EndProjectSection
EndProject
Project("{9A19103F-16F7-4668-BE54-9A1E7A4F7556}") = "TinyINPC.Generator", "MvvmGenerator\TinyINPC.Generator.csproj", "{A941BDE8-D11A-471B-B364-38531D652E32}"
EndProject
Global
	GlobalSection(SolutionConfigurationPlatforms) = preSolution
		Debug|Any CPU = Debug|Any CPU
		Release|Any CPU = Release|Any CPU
	EndGlobalSection
	GlobalSection(ProjectConfigurationPlatforms) = postSolution
		{8A1434D8-7670-4B9A-AD2F-5415AE0C09E0}.Debug|Any CPU.ActiveCfg = Debug|Any CPU
		{8A1434D8-7670-4B9A-AD2F-5415AE0C09E0}.Debug|Any CPU.Build.0 = Debug|Any CPU
		{8A1434D8-7670-4B9A-AD2F-5415AE0C09E0}.Release|Any CPU.ActiveCfg = Release|Any CPU
		{8A1434D8-7670-4B9A-AD2F-5415AE0C09E0}.Release|Any CPU.Build.0 = Release|Any CPU
		{A941BDE8-D11A-471B-B364-38531D652E32}.Debug|Any CPU.ActiveCfg = Debug|Any CPU
		{A941BDE8-D11A-471B-B364-38531D652E32}.Debug|Any CPU.Build.0 = Debug|Any CPU
		{A941BDE8-D11A-471B-B364-38531D652E32}.Release|Any CPU.ActiveCfg = Release|Any CPU
		{A941BDE8-D11A-471B-B364-38531D652E32}.Release|Any CPU.Build.0 = Release|Any CPU
	EndGlobalSection
	GlobalSection(SolutionProperties) = preSolution
		HideSolutionNode = FALSE
	EndGlobalSection
	GlobalSection(ExtensibilityGlobals) = postSolution
		SolutionGuid = {A8E6F463-3C8E-40BA-8066-EDE9EF922441}
	EndGlobalSection
EndGlobal
